github.com/dinosoeren/anatole v0.0.0-20250706232201-732712197596 h1:WrZrfWaVW8S5t2z5Ge5yBt7BqWljHadXsW1Du3ElFx4=
github.com/dinosoeren/anatole v0.0.0-20250706232201-732712197596/go.mod h1:WOEDMSMefv/IjxXB+kZH6oYcpZHhTBNML9pX6y1BWt8=
github.com/lxndrblz/anatole v1.17.1 h1:mvAWo1EnEVK8JNbKvkixigLdPcOHIs3nQzFeVhsnnfo=
github.com/lxndrblz/anatole v1.17.1/go.mod h1:hy61SRyUDKaWw2P+cERt9UPde5guWyVKgtjdzRF5bfI=
